{
  "name": "@netbofia/buildingblocks",
  "version": "1.0.0",
  "lockfileVersion": 3,
  "requires": true,
  "packages": {
    "": {
      "name": "@netbofia/buildingblocks",
      "version": "1.0.0",
      "license": "SEE LICENSE IN LICENSE",
      "dependencies": {
        "@netbofia/buildingblocks": "^1.0.0"
      }
    },
    "node_modules/@netbofia/buildingblocks": {
      "version": "1.0.0",
      "resolved": "https://registry.npmjs.org/@netbofia/buildingblocks/-/buildingblocks-1.0.0.tgz",
      "integrity": "sha512-hxJV8ru1d/ES+1xy0abnTYzjYs0fV9UPOZNVCrXSR0r0x5TGiFRS6Q7AbhBCClmrwpQfriNX+mERdVh7YdnzUg=="
    }
  }
}
